
Microsoft Visual Studio Solution File, Format Version 12.00
# Visual Studio 15
VisualStudioVersion = 15.0.27428.2043
MinimumVisualStudioVersion = 10.0.40219.1
Project("{FAE04EC0-301F-11D3-BF4B-00C04F79EFBC}") = "AntAdmin.Web", "AntAdmin.Web\AntAdmin.Web.csproj", "{168957B8-9289-43C9-8958-E512A41CA23D}"
EndProject
Global
	GlobalSection(SolutionConfigurationPlatforms) = preSolution
		Debug|Any CPU = Debug|Any CPU
		Release|Any CPU = Release|Any CPU
	EndGlobalSection
	GlobalSection(ProjectConfigurationPlatforms) = postSolution
		{168957B8-9289-43C9-8958-E512A41CA23D}.Debug|Any CPU.ActiveCfg = Debug|Any CPU
		{168957B8-9289-43C9-8958-E512A41CA23D}.Debug|Any CPU.Build.0 = Debug|Any CPU
		{168957B8-9289-43C9-8958-E512A41CA23D}.Release|Any CPU.ActiveCfg = Release|Any CPU
		{168957B8-9289-43C9-8958-E512A41CA23D}.Release|Any CPU.Build.0 = Release|Any CPU
	EndGlobalSection
	GlobalSection(SolutionProperties) = preSolution
		HideSolutionNode = FALSE
	EndGlobalSection
	GlobalSection(ExtensibilityGlobals) = postSolution
		SolutionGuid = {8A691111-6ABD-427F-9EAC-BF6659BF7F7B}
	EndGlobalSection
EndGlobal
